
Microsoft Visual Studio Solution File, Format Version 12.00
# Visual Studio Version 17
VisualStudioVersion = 17.8.34408.163
MinimumVisualStudioVersion = 10.0.40219.1
Project("{FAE04EC0-301F-11D3-BF4B-00C04F79EFBC}") = "RabbitSender", "RabbitSender\RabbitSender.csproj", "{D2AE43CF-2C14-4358-AA4E-2FFFD8C541F4}"
EndProject
Project("{FAE04EC0-301F-11D3-BF4B-00C04F79EFBC}") = "RabbitReceiver1", "RabbitReceiver1\RabbitReceiver1.csproj", "{6D5CAA1D-A247-4F2B-9240-24B758ACCCA9}"
EndProject
Project("{FAE04EC0-301F-11D3-BF4B-00C04F79EFBC}") = "RabbitReceiver2", "RabbitReceiver2\RabbitReceiver2.csproj", "{401E0D26-2A29-4BD9-B9A0-92B3497C605C}"
EndProject
Global
	GlobalSection(SolutionConfigurationPlatforms) = preSolution
		Debug|Any CPU = Debug|Any CPU
		Release|Any CPU = Release|Any CPU
	EndGlobalSection
	GlobalSection(ProjectConfigurationPlatforms) = postSolution
		{D2AE43CF-2C14-4358-AA4E-2FFFD8C541F4}.Debug|Any CPU.ActiveCfg = Debug|Any CPU
		{D2AE43CF-2C14-4358-AA4E-2FFFD8C541F4}.Debug|Any CPU.Build.0 = Debug|Any CPU
		{D2AE43CF-2C14-4358-AA4E-2FFFD8C541F4}.Release|Any CPU.ActiveCfg = Release|Any CPU
		{D2AE43CF-2C14-4358-AA4E-2FFFD8C541F4}.Release|Any CPU.Build.0 = Release|Any CPU
		{6D5CAA1D-A247-4F2B-9240-24B758ACCCA9}.Debug|Any CPU.ActiveCfg = Debug|Any CPU
		{6D5CAA1D-A247-4F2B-9240-24B758ACCCA9}.Debug|Any CPU.Build.0 = Debug|Any CPU
		{6D5CAA1D-A247-4F2B-9240-24B758ACCCA9}.Release|Any CPU.ActiveCfg = Release|Any CPU
		{6D5CAA1D-A247-4F2B-9240-24B758ACCCA9}.Release|Any CPU.Build.0 = Release|Any CPU
		{401E0D26-2A29-4BD9-B9A0-92B3497C605C}.Debug|Any CPU.ActiveCfg = Debug|Any CPU
		{401E0D26-2A29-4BD9-B9A0-92B3497C605C}.Debug|Any CPU.Build.0 = Debug|Any CPU
		{401E0D26-2A29-4BD9-B9A0-92B3497C605C}.Release|Any CPU.ActiveCfg = Release|Any CPU
		{401E0D26-2A29-4BD9-B9A0-92B3497C605C}.Release|Any CPU.Build.0 = Release|Any CPU
	EndGlobalSection
	GlobalSection(SolutionProperties) = preSolution
		HideSolutionNode = FALSE
	EndGlobalSection
	GlobalSection(ExtensibilityGlobals) = postSolution
		SolutionGuid = {2F849E97-122F-4F0C-B877-089872DA2DF0}
	EndGlobalSection
EndGlobal
